
Microsoft Visual Studio Solution File, Format Version 12.00
# Visual Studio Version 17
VisualStudioVersion = 17.12.35514.174 d17.12
MinimumVisualStudioVersion = 10.0.40219.1
Project("{FAE04EC0-301F-11D3-BF4B-00C04F79EFBC}") = "JO-UNI-Guide", "JO-UNI-Guide.csproj", "{FE57A680-EC83-4286-AF61-0BBA3D8B8262}"
EndProject
Global
	GlobalSection(SolutionConfigurationPlatforms) = preSolution
		Debug|Any CPU = Debug|Any CPU
		Release|Any CPU = Release|Any CPU
	EndGlobalSection
	GlobalSection(ProjectConfigurationPlatforms) = postSolution
		{FE57A680-EC83-4286-AF61-0BBA3D8B8262}.Debug|Any CPU.ActiveCfg = Debug|Any CPU
		{FE57A680-EC83-4286-AF61-0BBA3D8B8262}.Debug|Any CPU.Build.0 = Debug|Any CPU
		{FE57A680-EC83-4286-AF61-0BBA3D8B8262}.Release|Any CPU.ActiveCfg = Release|Any CPU
		{FE57A680-EC83-4286-AF61-0BBA3D8B8262}.Release|Any CPU.Build.0 = Release|Any CPU
	EndGlobalSection
	GlobalSection(SolutionProperties) = preSolution
		HideSolutionNode = FALSE
	EndGlobalSection
EndGlobal
